
Microsoft Visual Studio Solution File, Format Version 12.00
# Visual Studio Version 16
VisualStudioVersion = 16.0.35731.53
MinimumVisualStudioVersion = 10.0.40219.1
Project("{FAE04EC0-301F-11D3-BF4B-00C04F79EFBC}") = "lecturevid2", "lecturevid2\lecturevid2.csproj", "{633A25D2-E265-405F-B7C9-58F9173E976A}"
EndProject
Global
	GlobalSection(SolutionConfigurationPlatforms) = preSolution
		Debug|Any CPU = Debug|Any CPU
		Release|Any CPU = Release|Any CPU
	EndGlobalSection
	GlobalSection(ProjectConfigurationPlatforms) = postSolution
		{633A25D2-E265-405F-B7C9-58F9173E976A}.Debug|Any CPU.ActiveCfg = Debug|Any CPU
		{633A25D2-E265-405F-B7C9-58F9173E976A}.Debug|Any CPU.Build.0 = Debug|Any CPU
		{633A25D2-E265-405F-B7C9-58F9173E976A}.Release|Any CPU.ActiveCfg = Release|Any CPU
		{633A25D2-E265-405F-B7C9-58F9173E976A}.Release|Any CPU.Build.0 = Release|Any CPU
	EndGlobalSection
	GlobalSection(SolutionProperties) = preSolution
		HideSolutionNode = FALSE
	EndGlobalSection
	GlobalSection(ExtensibilityGlobals) = postSolution
		SolutionGuid = {BFF4366A-FBA1-49A1-887E-CF6E9AF07FAB}
	EndGlobalSection
EndGlobal
